// !$*UTF8*$!
{
	archiveVersion = 1;
	classes = {
	};
	objectVersion = 46;
	objects = {

/* Begin PBXBuildFile section */
		50E20A0C1E56D461002566C0 /* AppDelegate.swift in Sources */ = {isa = PBXBuildFile; fileRef = 50E20A0B1E56D461002566C0 /* AppDelegate.swift */; };
		50E20A0E1E56D461002566C0 /* ViewController.swift in Sources */ = {isa = PBXBuildFile; fileRef = 50E20A0D1E56D461002566C0 /* ViewController.swift */; };
		50E20A111E56D461002566C0 /* Main.storyboard in Resources */ = {isa = PBXBuildFile; fileRef = 50E20A0F1E56D461002566C0 /* Main.storyboard */; };
		50E20A131E56D461002566C0 /* Assets.xcassets in Resources */ = {isa = PBXBuildFile; fileRef = 50E20A121E56D461002566C0 /* Assets.xcassets */; };
		50E20A161E56D461002566C0 /* LaunchScreen.storyboard in Resources */ = {isa = PBXBuildFile; fileRef = 50E20A141E56D461002566C0 /* LaunchScreen.storyboard */; };
/* End PBXBuildFile section */

/* Begin PBXFileReference section */
		50E20A081E56D461002566C0 /* Lionfish.app */ = {isa = PBXFileReference; explicitFileType = wrapper.application; includeInIndex = 0; path = Lionfish.app; sourceTree = BUILT_PRODUCTS_DIR; };
		50E20A0B1E56D461002566C0 /* AppDelegate.swift */ = {isa = PBXFileReference; lastKnownFileType = sourcecode.swift; path = AppDelegate.swift; sourceTree = "<group>"; };
		50E20A0D1E56D461002566C0 /* ViewController.swift */ = {isa = PBXFileReference; lastKnownFileType = sourcecode.swift; path = ViewController.swift; sourceTree = "<group>"; };
		50E20A101E56D461002566C0 /* Base */ = {isa = PBXFileReference; lastKnownFileType = file.storyboard; name = Base; path = Base.lproj/Main.storyboard; sourceTree = "<group>"; };
		50E20A121E56D461002566C0 /* Assets.xcassets */ = {isa = PBXFileReference; lastKnownFileType = folder.assetcatalog; path = Assets.xcassets; sourceTree = "<group>"; };
		50E20A151E56D461002566C0 /* Base */ = {isa = PBXFileReference; lastKnownFileType = file.storyboard; name = Base; path = Base.lproj/LaunchScreen.storyboard; sourceTree = "<group>"; };
		50E20A171E56D461002566C0 /* Info.plist */ = {isa = PBXFileReference; lastKnownFileType = text.plist.xml; path = Info.plist; sourceTree = "<group>"; };
/* End PBXFileReference section */

/* Begin PBXFrameworksBuildPhase section */
		50E20A051E56D460002566C0 /* Frameworks */ = {
			isa = PBXFrameworksBuildPhase;
			buildActionMask = 2147483647;
			files = (
			);
			runOnlyForDeploymentPostprocessing = 0;
		};
/* End PBXFrameworksBuildPhase section */

/* Begin PBXGroup section */
		50E209FF1E56D460002566C0 = {
			isa = PBXGroup;
			children = (
				50E20A0A1E56D461002566C0 /* Lionfish */,
				50E20A091E56D461002566C0 /* Products */,
			);
			sourceTree = "<group>";
		};
		50E20A091E56D461002566C0 /* Products */ = {
			isa = PBXGroup;
			children = (
				50E20A081E56D461002566C0 /* Lionfish.app */,
			);
			name = Products;
			sourceTree = "<group>";
		};
		50E20A0A1E56D461002566C0 /* Lionfish */ = {
			isa = PBXGroup;
			children = (
				50E20A0B1E56D461002566C0 /* AppDelegate.swift */,
				50E20A0D1E56D461002566C0 /* ViewController.swift */,
				50E20A0F1E56D461002566C0 /* Main.storyboard */,
				50E20A121E56D461002566C0 /* Assets.xcassets */,
				50E20A141E56D461002566C0 /* LaunchScreen.storyboard */,
				50E20A171E56D461002566C0 /* Info.plist */,
			);
			path = Lionfish;
			sourceTree = "<group>";
		};
/* End PBXGroup section */

/* Begin PBXNativeTarget section */
		50E20A071E56D460002566C0 /* Lionfish */ = {
			isa = PBXNativeTarget;
			buildConfigurationList = 50E20A1A1E56D461002566C0 /* Build configuration list for PBXNativeTarget "Lionfish" */;
			buildPhases = (
				50E20A041E56D460002566C0 /* Sources */,
				50E20A051E56D460002566C0 /* Frameworks */,
				50E20A061E56D460002566C0 /* Resources */,
			);
			buildRules = (
			);
			dependencies = (
			);
			name = Lionfish;
			productName = Lionfish;
			productReference = 50E20A081E56D461002566C0 /* Lionfish.app */;
			productType = "com.apple.product-type.application";
		};
/* End PBXNativeTarget section */

/* Begin PBXProject section */
		50E20A001E56D460002566C0 /* Project object */ = {
			isa = PBXProject;
			attributes = {
				LastSwiftUpdateCheck = 0820;
				LastUpgradeCheck = 0820;
				ORGANIZATIONNAME = "Jungyoon Yu";
				TargetAttributes = {
					50E20A071E56D460002566C0 = {
						CreatedOnToolsVersion = 8.2.1;
						ProvisioningStyle = Automatic;
					};
				};
			};
			buildConfigurationList = 50E20A031E56D460002566C0 /* Build configuration list for PBXProject "Lionfish" */;
			compatibilityVersion = "Xcode 3.2";
			developmentRegion = English;
			hasScannedForEncodings = 0;
			knownRegions = (
				en,
				Base,
			);
			mainGroup = 50E209FF1E56D460002566C0;
			productRefGroup = 50E20A091E56D461002566C0 /* Products */;
			projectDirPath = "";
			projectRoot = "";
			targets = (
				50E20A071E56D460002566C0 /* Lionfish */,
			);
		};
/* End PBXProject section */

/* Begin PBXResourcesBuildPhase section */
		50E20A061E56D460002566C0 /* Resources */ = {
			isa = PBXResourcesBuildPhase;
			buildActionMask = 2147483647;
			files = (
				50E20A161E56D461002566C0 /* LaunchScreen.storyboard in Resources */,
				50E20A131E56D461002566C0 /* Assets.xcassets in Resources */,
				50E20A111E56D461002566C0 /* Main.storyboard in Resources */,
			);
			runOnlyForDeploymentPostprocessing = 0;
		};
/* End PBXResourcesBuildPhase section */

/* Begin PBXSourcesBuildPhase section */
		50E20A041E56D460002566C0 /* Sources */ = {
			isa = PBXSourcesBuildPhase;
			buildActionMask = 2147483647;
			files = (
				50E20A0E1E56D461002566C0 /* ViewController.swift in Sources */,
				50E20A0C1E56D461002566C0 /* AppDelegate.swift in Sources */,
			);
			runOnlyForDeploymentPostprocessing = 0;
		};
/* End PBXSourcesBuildPhase section */

/* Begin PBXVariantGroup section */
		50E20A0F1E56D461002566C0 /* Main.storyboard */ = {
			isa = PBXVariantGroup;
			children = (
				50E20A101E56D461002566C0 /* Base */,
			);
			name = Main.storyboard;
			sourceTree = "<group>";
		};
		50E20A141E56D461002566C0 /* LaunchScreen.storyboard */ = {
			isa = PBXVariantGroup;
			children = (
				50E20A151E56D461002566C0 /* Base */,
			);
			name = LaunchScreen.storyboard;
			sourceTree = "<group>";
		};
/* End PBXVariantGroup section */

/* Begin XCBuildConfiguration section */
		50E20A181E56D461002566C0 /* Debug */ = {
			isa = XCBuildConfiguration;
			buildSettings = {
				ALWAYS_SEARCH_USER_PATHS = NO;
				CLANG_ANALYZER_NONNULL = YES;
				CLANG_CXX_LANGUAGE_STANDARD = "gnu++0x";
				CLANG_CXX_LIBRARY = "libc++";
				CLANG_ENABLE_MODULES = YES;
				CLANG_ENABLE_OBJC_ARC = YES;
				CLANG_WARN_BOOL_CONVERSION = YES;
				CLANG_WARN_CONSTANT_CONVERSION = YES;
				CLANG_WARN_DIRECT_OBJC_ISA_USAGE = YES_ERROR;
				CLANG_WARN_DOCUMENTATION_COMMENTS = YES;
				CLANG_WARN_EMPTY_BODY = YES;
				CLANG_WARN_ENUM_CONVERSION = YES;
				CLANG_WARN_INFINITE_RECURSION = YES;
				CLANG_WARN_INT_CONVERSION = YES;
				CLANG_WARN_OBJC_ROOT_CLASS = YES_ERROR;
				CLANG_WARN_SUSPICIOUS_MOVE = YES;
				CLANG_WARN_UNREACHABLE_CODE = YES;
				CLANG_WARN__DUPLICATE_METHOD_MATCH = YES;
				"CODE_SIGN_IDENTITY[sdk=iphoneos*]" = "iPhone Developer";
				COPY_PHASE_STRIP = NO;
				DEBUG_INFORMATION_FORMAT = dwarf;
				ENABLE_STRICT_OBJC_MSGSEND = YES;
				ENABLE_TESTABILITY = YES;
				GCC_C_LANGUAGE_STANDARD = gnu99;
				GCC_DYNAMIC_NO_PIC = NO;
				GCC_NO_COMMON_BLOCKS = YES;
				GCC_OPTIMIZATION_LEVEL = 0;
				GCC_PREPROCESSOR_DEFINITIONS = (
					"DEBUG=1",
					"$(inherited)",
				);
				GCC_WARN_64_TO_32_BIT_CONVERSION = YES;
				GCC_WARN_ABOUT_RETURN_TYPE = YES_ERROR;
				GCC_WARN_UNDECLARED_SELECTOR = YES;
				GCC_WARN_UNINITIALIZED_AUTOS = YES_AGGRESSIVE;
				GCC_WARN_UNUSED_FUNCTION = YES;
				GCC_WARN_UNUSED_VARIABLE = YES;
				IPHONEOS_DEPLOYMENT_TARGET = 10.2;
				MTL_ENABLE_DEBUG_INFO = YES;
				ONLY_ACTIVE_ARCH = YES;
				SDKROOT = iphoneos;
				SWIFT_ACTIVE_COMPILATION_CONDITIONS = DEBUG;
				SWIFT_OPTIMIZATION_LEVEL = "-Onone";
			};
			name = Debug;
		};
		50E20A191E56D461002566C0 /* Release */ = {
			isa = XCBuildConfiguration;
			buildSettings = {
				ALWAYS_SEARCH_USER_PATHS = NO;
				CLANG_ANALYZER_NONNULL = YES;
				CLANG_CXX_LANGUAGE_STANDARD = "gnu++0x";
				CLANG_CXX_LIBRARY = "libc++";
				CLANG_ENABLE_MODULES = YES;
				CLANG_ENABLE_OBJC_ARC = YES;
				CLANG_WARN_BOOL_CONVERSION = YES;
				CLANG_WARN_CONSTANT_CONVERSION = YES;
				CLANG_WARN_DIRECT_OBJC_ISA_USAGE = YES_ERROR;
				CLANG_WARN_DOCUMENTATION_COMMENTS = YES;
				CLANG_WARN_EMPTY_BODY = YES;
				CLANG_WARN_ENUM_CONVERSION = YES;
				CLANG_WARN_INFINITE_RECURSION = YES;
				CLANG_WARN_INT_CONVERSION = YES;
				CLANG_WARN_OBJC_ROOT_CLASS = YES_ERROR;
				CLANG_WARN_SUSPICIOUS_MOVE = YES;
				CLANG_WARN_UNREACHABLE_CODE = YES;
				CLANG_WARN__DUPLICATE_METHOD_MATCH = YES;
				"CODE_SIGN_IDENTITY[sdk=iphoneos*]" = "iPhone Developer";
				COPY_PHASE_STRIP = NO;
				DEBUG_INFORMATION_FORMAT = "dwarf-with-dsym";
				ENABLE_NS_ASSERTIONS = NO;
				ENABLE_STRICT_OBJC_MSGSEND = YES;
				GCC_C_LANGUAGE_STANDARD = gnu99;
				GCC_NO_COMMON_BLOCKS = YES;
				GCC_WARN_64_TO_32_BIT_CONVERSION = YES;
				GCC_WARN_ABOUT_RETURN_TYPE = YES_ERROR;
				GCC_WARN_UNDECLARED_SELECTOR = YES;
				GCC_WARN_UNINITIALIZED_AUTOS = YES_AGGRESSIVE;
				GCC_WARN_UNUSED_FUNCTION = YES;
				GCC_WARN_UNUSED_VARIABLE = YES;
				IPHONEOS_DEPLOYMENT_TARGET = 10.2;
				MTL_ENABLE_DEBUG_INFO = NO;
				SDKROOT = iphoneos;
				SWIFT_OPTIMIZATION_LEVEL = "-Owholemodule";
				VALIDATE_PRODUCT = YES;
			};
			name = Release;
		};
		50E20A1B1E56D461002566C0 /* Debug */ = {
			isa = XCBuildConfiguration;
			buildSettings = {
				ASSETCATALOG_COMPILER_APPICON_NAME = AppIcon;
				INFOPLIST_FILE = Lionfish/Info.plist;
				LD_RUNPATH_SEARCH_PATHS = "$(inherited) @executable_path/Frameworks";
				PRODUCT_BUNDLE_IDENTIFIER = com.jungy.Lionfish;
				PRODUCT_NAME = "$(TARGET_NAME)";
				SWIFT_VERSION = 3.0;
			};
			name = Debug;
		};
		50E20A1C1E56D461002566C0 /* Release */ = {
			isa = XCBuildConfiguration;
			buildSettings = {
				ASSETCATALOG_COMPILER_APPICON_NAME = AppIcon;
				INFOPLIST_FILE = Lionfish/Info.plist;
				LD_RUNPATH_SEARCH_PATHS = "$(inherited) @executable_path/Frameworks";
				PRODUCT_BUNDLE_IDENTIFIER = com.jungy.Lionfish;
				PRODUCT_NAME = "$(TARGET_NAME)";
				SWIFT_VERSION = 3.0;
			};
			name = Release;
		};
/* End XCBuildConfiguration section */

/* Begin XCConfigurationList section */
		50E20A031E56D460002566C0 /* Build configuration list for PBXProject "Lionfish" */ = {
			isa = XCConfigurationList;
			buildConfigurations = (
				50E20A181E56D461002566C0 /* Debug */,
				50E20A191E56D461002566C0 /* Release */,
			);
			defaultConfigurationIsVisible = 0;
			defaultConfigurationName = Release;
		};
		50E20A1A1E56D461002566C0 /* Build configuration list for PBXNativeTarget "Lionfish" */ = {
			isa = XCConfigurationList;
			buildConfigurations = (
				50E20A1B1E56D461002566C0 /* Debug */,
				50E20A1C1E56D461002566C0 /* Release */,
			);
			defaultConfigurationIsVisible = 0;
		};
/* End XCConfigurationList section */
	};
	rootObject = 50E20A001E56D460002566C0 /* Project object */;
}
